# This file is automatically @generated by Cargo.
# It is not intended for manual editing.
version = 4

[[package]]
name = "jlnexus"
version = "2.0.0"
source = "git+https://www.github.com/verdex/jlnexus?tag=release-2.0.0#2a8cac4887a364cbe13507b33d86fdc10ac75522"

[[package]]
name = "ordan"
version = "1.0.0"
dependencies = [
 "jlnexus",
]
